
Microsoft Visual Studio Solution File, Format Version 12.00
# Visual Studio Version 17
VisualStudioVersion = 17.9.34728.123
MinimumVisualStudioVersion = 10.0.40219.1
Project("{9A19103F-16F7-4668-BE54-9A1E7A4F7556}") = "QingYi.Cryption", "QingYi.Cryption\QingYi.Cryption.csproj", "{8E8088B6-178B-4081-BCA3-6AE3ECF9A35C}"
EndProject
Project("{2150E333-8FDC-42A3-9474-1A3956D46DE8}") = "CryptTest", "CryptTest", "{0E2B2408-82A1-471F-BE1E-31C69E5F5C2E}"
EndProject
Project("{9A19103F-16F7-4668-BE54-9A1E7A4F7556}") = "DES", "CryptTest-Des\DES.csproj", "{2407AAC3-CEC1-4107-8C21-BD4D0EF6D72F}"
EndProject
Project("{9A19103F-16F7-4668-BE54-9A1E7A4F7556}") = "XOR", "CryptTest-XOR\XOR.csproj", "{DDF4BCC9-D19E-4C2E-9461-DB498111B491}"
EndProject
Project("{9A19103F-16F7-4668-BE54-9A1E7A4F7556}") = "Caesar", "CryptTest-Carsar\Caesar.csproj", "{A755997C-6DF3-4CCA-9150-E46F98C32648}"
EndProject
Project("{9A19103F-16F7-4668-BE54-9A1E7A4F7556}") = "Morse", "Morse\Morse.csproj", "{64D9610A-5CF6-45E9-9A24-77E02C0D1DCF}"
EndProject
Project("{2150E333-8FDC-42A3-9474-1A3956D46DE8}") = "MD", "MD", "{0DE44B90-9835-407D-9AFE-A8A4C4143851}"
EndProject
Project("{FAE04EC0-301F-11D3-BF4B-00C04F79EFBC}") = "CryptTest-MD2", "CryptTest-MD2\CryptTest-MD2.csproj", "{3FF3BA70-01C0-40DB-A787-D2FAE39DAEB7}"
EndProject
Global
	GlobalSection(SolutionConfigurationPlatforms) = preSolution
		Debug|Any CPU = Debug|Any CPU
		Release|Any CPU = Release|Any CPU
	EndGlobalSection
	GlobalSection(ProjectConfigurationPlatforms) = postSolution
		{8E8088B6-178B-4081-BCA3-6AE3ECF9A35C}.Debug|Any CPU.ActiveCfg = Debug|Any CPU
		{8E8088B6-178B-4081-BCA3-6AE3ECF9A35C}.Debug|Any CPU.Build.0 = Debug|Any CPU
		{8E8088B6-178B-4081-BCA3-6AE3ECF9A35C}.Release|Any CPU.ActiveCfg = Release|Any CPU
		{8E8088B6-178B-4081-BCA3-6AE3ECF9A35C}.Release|Any CPU.Build.0 = Release|Any CPU
		{2407AAC3-CEC1-4107-8C21-BD4D0EF6D72F}.Debug|Any CPU.ActiveCfg = Debug|Any CPU
		{2407AAC3-CEC1-4107-8C21-BD4D0EF6D72F}.Debug|Any CPU.Build.0 = Debug|Any CPU
		{2407AAC3-CEC1-4107-8C21-BD4D0EF6D72F}.Release|Any CPU.ActiveCfg = Release|Any CPU
		{2407AAC3-CEC1-4107-8C21-BD4D0EF6D72F}.Release|Any CPU.Build.0 = Release|Any CPU
		{DDF4BCC9-D19E-4C2E-9461-DB498111B491}.Debug|Any CPU.ActiveCfg = Debug|Any CPU
		{DDF4BCC9-D19E-4C2E-9461-DB498111B491}.Debug|Any CPU.Build.0 = Debug|Any CPU
		{DDF4BCC9-D19E-4C2E-9461-DB498111B491}.Release|Any CPU.ActiveCfg = Release|Any CPU
		{DDF4BCC9-D19E-4C2E-9461-DB498111B491}.Release|Any CPU.Build.0 = Release|Any CPU
		{A755997C-6DF3-4CCA-9150-E46F98C32648}.Debug|Any CPU.ActiveCfg = Debug|Any CPU
		{A755997C-6DF3-4CCA-9150-E46F98C32648}.Debug|Any CPU.Build.0 = Debug|Any CPU
		{A755997C-6DF3-4CCA-9150-E46F98C32648}.Release|Any CPU.ActiveCfg = Release|Any CPU
		{A755997C-6DF3-4CCA-9150-E46F98C32648}.Release|Any CPU.Build.0 = Release|Any CPU
		{64D9610A-5CF6-45E9-9A24-77E02C0D1DCF}.Debug|Any CPU.ActiveCfg = Debug|Any CPU
		{64D9610A-5CF6-45E9-9A24-77E02C0D1DCF}.Debug|Any CPU.Build.0 = Debug|Any CPU
		{64D9610A-5CF6-45E9-9A24-77E02C0D1DCF}.Release|Any CPU.ActiveCfg = Release|Any CPU
		{64D9610A-5CF6-45E9-9A24-77E02C0D1DCF}.Release|Any CPU.Build.0 = Release|Any CPU
		{3FF3BA70-01C0-40DB-A787-D2FAE39DAEB7}.Debug|Any CPU.ActiveCfg = Debug|Any CPU
		{3FF3BA70-01C0-40DB-A787-D2FAE39DAEB7}.Debug|Any CPU.Build.0 = Debug|Any CPU
		{3FF3BA70-01C0-40DB-A787-D2FAE39DAEB7}.Release|Any CPU.ActiveCfg = Release|Any CPU
		{3FF3BA70-01C0-40DB-A787-D2FAE39DAEB7}.Release|Any CPU.Build.0 = Release|Any CPU
	EndGlobalSection
	GlobalSection(SolutionProperties) = preSolution
		HideSolutionNode = FALSE
	EndGlobalSection
	GlobalSection(NestedProjects) = preSolution
		{2407AAC3-CEC1-4107-8C21-BD4D0EF6D72F} = {0E2B2408-82A1-471F-BE1E-31C69E5F5C2E}
		{DDF4BCC9-D19E-4C2E-9461-DB498111B491} = {0E2B2408-82A1-471F-BE1E-31C69E5F5C2E}
		{A755997C-6DF3-4CCA-9150-E46F98C32648} = {0E2B2408-82A1-471F-BE1E-31C69E5F5C2E}
		{64D9610A-5CF6-45E9-9A24-77E02C0D1DCF} = {0E2B2408-82A1-471F-BE1E-31C69E5F5C2E}
		{0DE44B90-9835-407D-9AFE-A8A4C4143851} = {0E2B2408-82A1-471F-BE1E-31C69E5F5C2E}
		{3FF3BA70-01C0-40DB-A787-D2FAE39DAEB7} = {0DE44B90-9835-407D-9AFE-A8A4C4143851}
	EndGlobalSection
	GlobalSection(ExtensibilityGlobals) = postSolution
		SolutionGuid = {E2898627-43AE-4F8A-A2DB-C7C0CC5FEC28}
	EndGlobalSection
EndGlobal
